
Microsoft Visual Studio Solution File, Format Version 12.00
# Visual Studio 15
VisualStudioVersion = 15.0.26124.0
MinimumVisualStudioVersion = 15.0.26124.0
Project("{9A19103F-16F7-4668-BE54-9A1E7A4F7556}") = "Web", "Web\Web.csproj", "{91232E12-E929-4980-9BE2-5EDADD23FEF8}"
EndProject
Project("{9A19103F-16F7-4668-BE54-9A1E7A4F7556}") = "Infrastrucure", "Infrastrucure\Infrastrucure.csproj", "{7BD051FD-3578-42F8-A152-D03EA94234B7}"
EndProject
Project("{9A19103F-16F7-4668-BE54-9A1E7A4F7556}") = "Core", "Core\Core.csproj", "{00FA0215-B7F7-4B8C-885C-576CFEC50E91}"
EndProject
Project("{9A19103F-16F7-4668-BE54-9A1E7A4F7556}") = "Data", "Data\Data.csproj", "{B3887F75-3605-41AE-8B7C-D8E1FD13E868}"
EndProject
Global
	GlobalSection(SolutionConfigurationPlatforms) = preSolution
		Debug|Any CPU = Debug|Any CPU
		Debug|x64 = Debug|x64
		Debug|x86 = Debug|x86
		Release|Any CPU = Release|Any CPU
		Release|x64 = Release|x64
		Release|x86 = Release|x86
	EndGlobalSection
	GlobalSection(ProjectConfigurationPlatforms) = postSolution
		{91232E12-E929-4980-9BE2-5EDADD23FEF8}.Debug|Any CPU.ActiveCfg = Debug|Any CPU
		{91232E12-E929-4980-9BE2-5EDADD23FEF8}.Debug|Any CPU.Build.0 = Debug|Any CPU
		{91232E12-E929-4980-9BE2-5EDADD23FEF8}.Debug|x64.ActiveCfg = Debug|Any CPU
		{91232E12-E929-4980-9BE2-5EDADD23FEF8}.Debug|x64.Build.0 = Debug|Any CPU
		{91232E12-E929-4980-9BE2-5EDADD23FEF8}.Debug|x86.ActiveCfg = Debug|Any CPU
		{91232E12-E929-4980-9BE2-5EDADD23FEF8}.Debug|x86.Build.0 = Debug|Any CPU
		{91232E12-E929-4980-9BE2-5EDADD23FEF8}.Release|Any CPU.ActiveCfg = Release|Any CPU
		{91232E12-E929-4980-9BE2-5EDADD23FEF8}.Release|Any CPU.Build.0 = Release|Any CPU
		{91232E12-E929-4980-9BE2-5EDADD23FEF8}.Release|x64.ActiveCfg = Release|Any CPU
		{91232E12-E929-4980-9BE2-5EDADD23FEF8}.Release|x64.Build.0 = Release|Any CPU
		{91232E12-E929-4980-9BE2-5EDADD23FEF8}.Release|x86.ActiveCfg = Release|Any CPU
		{91232E12-E929-4980-9BE2-5EDADD23FEF8}.Release|x86.Build.0 = Release|Any CPU
		{7BD051FD-3578-42F8-A152-D03EA94234B7}.Debug|Any CPU.ActiveCfg = Debug|Any CPU
		{7BD051FD-3578-42F8-A152-D03EA94234B7}.Debug|Any CPU.Build.0 = Debug|Any CPU
		{7BD051FD-3578-42F8-A152-D03EA94234B7}.Debug|x64.ActiveCfg = Debug|Any CPU
		{7BD051FD-3578-42F8-A152-D03EA94234B7}.Debug|x64.Build.0 = Debug|Any CPU
		{7BD051FD-3578-42F8-A152-D03EA94234B7}.Debug|x86.ActiveCfg = Debug|Any CPU
		{7BD051FD-3578-42F8-A152-D03EA94234B7}.Debug|x86.Build.0 = Debug|Any CPU
		{7BD051FD-3578-42F8-A152-D03EA94234B7}.Release|Any CPU.ActiveCfg = Release|Any CPU
		{7BD051FD-3578-42F8-A152-D03EA94234B7}.Release|Any CPU.Build.0 = Release|Any CPU
		{7BD051FD-3578-42F8-A152-D03EA94234B7}.Release|x64.ActiveCfg = Release|Any CPU
		{7BD051FD-3578-42F8-A152-D03EA94234B7}.Release|x64.Build.0 = Release|Any CPU
		{7BD051FD-3578-42F8-A152-D03EA94234B7}.Release|x86.ActiveCfg = Release|Any CPU
		{7BD051FD-3578-42F8-A152-D03EA94234B7}.Release|x86.Build.0 = Release|Any CPU
		{00FA0215-B7F7-4B8C-885C-576CFEC50E91}.Debug|Any CPU.ActiveCfg = Debug|Any CPU
		{00FA0215-B7F7-4B8C-885C-576CFEC50E91}.Debug|Any CPU.Build.0 = Debug|Any CPU
		{00FA0215-B7F7-4B8C-885C-576CFEC50E91}.Debug|x64.ActiveCfg = Debug|Any CPU
		{00FA0215-B7F7-4B8C-885C-576CFEC50E91}.Debug|x64.Build.0 = Debug|Any CPU
		{00FA0215-B7F7-4B8C-885C-576CFEC50E91}.Debug|x86.ActiveCfg = Debug|Any CPU
		{00FA0215-B7F7-4B8C-885C-576CFEC50E91}.Debug|x86.Build.0 = Debug|Any CPU
		{00FA0215-B7F7-4B8C-885C-576CFEC50E91}.Release|Any CPU.ActiveCfg = Release|Any CPU
		{00FA0215-B7F7-4B8C-885C-576CFEC50E91}.Release|Any CPU.Build.0 = Release|Any CPU
		{00FA0215-B7F7-4B8C-885C-576CFEC50E91}.Release|x64.ActiveCfg = Release|Any CPU
		{00FA0215-B7F7-4B8C-885C-576CFEC50E91}.Release|x64.Build.0 = Release|Any CPU
		{00FA0215-B7F7-4B8C-885C-576CFEC50E91}.Release|x86.ActiveCfg = Release|Any CPU
		{00FA0215-B7F7-4B8C-885C-576CFEC50E91}.Release|x86.Build.0 = Release|Any CPU
		{B3887F75-3605-41AE-8B7C-D8E1FD13E868}.Debug|Any CPU.ActiveCfg = Debug|Any CPU
		{B3887F75-3605-41AE-8B7C-D8E1FD13E868}.Debug|Any CPU.Build.0 = Debug|Any CPU
		{B3887F75-3605-41AE-8B7C-D8E1FD13E868}.Debug|x64.ActiveCfg = Debug|Any CPU
		{B3887F75-3605-41AE-8B7C-D8E1FD13E868}.Debug|x64.Build.0 = Debug|Any CPU
		{B3887F75-3605-41AE-8B7C-D8E1FD13E868}.Debug|x86.ActiveCfg = Debug|Any CPU
		{B3887F75-3605-41AE-8B7C-D8E1FD13E868}.Debug|x86.Build.0 = Debug|Any CPU
		{B3887F75-3605-41AE-8B7C-D8E1FD13E868}.Release|Any CPU.ActiveCfg = Release|Any CPU
		{B3887F75-3605-41AE-8B7C-D8E1FD13E868}.Release|Any CPU.Build.0 = Release|Any CPU
		{B3887F75-3605-41AE-8B7C-D8E1FD13E868}.Release|x64.ActiveCfg = Release|Any CPU
		{B3887F75-3605-41AE-8B7C-D8E1FD13E868}.Release|x64.Build.0 = Release|Any CPU
		{B3887F75-3605-41AE-8B7C-D8E1FD13E868}.Release|x86.ActiveCfg = Release|Any CPU
		{B3887F75-3605-41AE-8B7C-D8E1FD13E868}.Release|x86.Build.0 = Release|Any CPU
	EndGlobalSection
	GlobalSection(SolutionProperties) = preSolution
		HideSolutionNode = FALSE
	EndGlobalSection
	GlobalSection(ExtensibilityGlobals) = postSolution
		SolutionGuid = {89DF87E2-BE02-4840-998F-8FBFDE2AB72E}
	EndGlobalSection
EndGlobal
